{
  "name": "entry",
  "version": "1.0.0",
  "lockfileVersion": 1,
  "requires": true,
  "dependencies": {
    "@types/lodash": {
      "version": "4.14.183",
      "resolved": "http://mirrors.tools.huawei.com/npm/@types/lodash/-/lodash-4.14.183.tgz",
      "integrity": "sha512-UXavyuxzXKMqJPEpFPri6Ku5F9af6ZJXUneHhvQJxavrEjuHkFp2YnDWHcxJiG7hk8ZkWqjcyNeW1s/smZv5cw=="
    },
    "lodash": {
      "version": "4.17.21",
      "resolved": "http://mirrors.tools.huawei.com/npm/lodash/-/lodash-4.17.21.tgz",
      "integrity": "sha512-v2kDEe57lecTulaDIuNTPy3Ry4gLGJ6Z1O3vE1krgXZNrsQ+LFTGHVxVjcXPs17LhbZVGedAJv8XZ1tvj5FvSg=="
    },
    "rxjs": {
      "version": "7.5.5",
      "resolved": "http://mirrors.tools.huawei.com/npm/rxjs/-/rxjs-7.5.5.tgz",
      "integrity": "sha512-sy+H0pQofO95VDmFLzyaw9xNJU4KTRSwQIGM6+iG3SypAtCiLDzpeG8sJrNCWn2Up9km+KhkvTdbkrdy+yzZdw==",
      "requires": {
        "tslib": "^2.1.0"
      }
    },
    "tslib": {
      "version": "2.4.0",
      "resolved": "http://mirrors.tools.huawei.com/npm/tslib/-/tslib-2.4.0.tgz",
      "integrity": "sha512-d6xOpEDfsi2CZVlPQzGeux8XMwLT9hssAsaPYExaQMuYskwb+x1x7J371tWlbBdWHroy99KnVB6qIkUbs5X3UQ=="
    }
  }
}
