{
  "name": "entry",
  "version": "1.0.0",
  "lockfileVersion": 1,
  "requires": true,
  "dependencies": {
    "easy-replace": {
      "version": "5.1.1",
      "resolved": "https://repo.huaweicloud.com/repository/npm/easy-replace/-/easy-replace-5.1.1.tgz",
      "integrity": "sha512-iplbORcmvnJFOzJYKaLGpAh6+HRxQkzx++uApstYcm3p8nmL97X6oK5EkYHhvOSTLxtgtAWI5HE2E6WSxleMHQ=="
    },
    "leven": {
      "version": "4.0.0",
      "resolved": "https://repo.huaweicloud.com/repository/npm/leven/-/leven-4.0.0.tgz",
      "integrity": "sha512-puehA3YKku3osqPlNuzGDUHq8WpwXupUg1V6NXdV38G+gr+gkBwFC8g1b/+YcIvp8gnqVIus+eJCH/eGsRmJNw=="
    }
  }
}
